
Microsoft Visual Studio Solution File, Format Version 12.00
# Visual Studio 15
VisualStudioVersion = 15.0.34526.175
MinimumVisualStudioVersion = 10.0.40219.1
Project("{8BC9CEB8-8B4A-11D0-8D11-00A0C91BC942}") = "MemStreamConsole", "MemStreamConsole\MemStreamConsole.vcxproj", "{04D03FB1-8EB8-4557-BCD1-67C7255724A7}"
	ProjectSection(ProjectDependencies) = postProject
		{4440229C-0960-4FCC-81B9-2F1E70D76204} = {4440229C-0960-4FCC-81B9-2F1E70D76204}
	EndProjectSection
EndProject
Project("{8BC9CEB8-8B4A-11D0-8D11-00A0C91BC942}") = "MemStreamTests", "MemStreamTests\MemStreamTests.vcxproj", "{FEFF3155-992E-4A44-9E87-B69FDB10A112}"
	ProjectSection(ProjectDependencies) = postProject
		{4440229C-0960-4FCC-81B9-2F1E70D76204} = {4440229C-0960-4FCC-81B9-2F1E70D76204}
	EndProjectSection
EndProject
Project("{8BC9CEB8-8B4A-11D0-8D11-00A0C91BC942}") = "MemStreamDll", "MemStreamDll\MemStreamDll.vcxproj", "{4440229C-0960-4FCC-81B9-2F1E70D76204}"
EndProject
Global
	GlobalSection(SolutionConfigurationPlatforms) = preSolution
		Debug|x64 = Debug|x64
		Debug|x86 = Debug|x86
		Release|x64 = Release|x64
		Release|x86 = Release|x86
	EndGlobalSection
	GlobalSection(ProjectConfigurationPlatforms) = postSolution
		{04D03FB1-8EB8-4557-BCD1-67C7255724A7}.Debug|x64.ActiveCfg = Debug|x64
		{04D03FB1-8EB8-4557-BCD1-67C7255724A7}.Debug|x64.Build.0 = Debug|x64
		{04D03FB1-8EB8-4557-BCD1-67C7255724A7}.Debug|x86.ActiveCfg = Debug|Win32
		{04D03FB1-8EB8-4557-BCD1-67C7255724A7}.Release|x64.ActiveCfg = Release|x64
		{04D03FB1-8EB8-4557-BCD1-67C7255724A7}.Release|x64.Build.0 = Release|x64
		{04D03FB1-8EB8-4557-BCD1-67C7255724A7}.Release|x86.ActiveCfg = Release|Win32
		{04D03FB1-8EB8-4557-BCD1-67C7255724A7}.Release|x86.Build.0 = Release|Win32
		{FEFF3155-992E-4A44-9E87-B69FDB10A112}.Debug|x64.ActiveCfg = Debug|x64
		{FEFF3155-992E-4A44-9E87-B69FDB10A112}.Debug|x64.Build.0 = Debug|x64
		{FEFF3155-992E-4A44-9E87-B69FDB10A112}.Debug|x86.ActiveCfg = Debug|Win32
		{FEFF3155-992E-4A44-9E87-B69FDB10A112}.Debug|x86.Build.0 = Debug|Win32
		{FEFF3155-992E-4A44-9E87-B69FDB10A112}.Release|x64.ActiveCfg = Release|x64
		{FEFF3155-992E-4A44-9E87-B69FDB10A112}.Release|x86.ActiveCfg = Release|Win32
		{FEFF3155-992E-4A44-9E87-B69FDB10A112}.Release|x86.Build.0 = Release|Win32
		{4440229C-0960-4FCC-81B9-2F1E70D76204}.Debug|x64.ActiveCfg = Debug|x64
		{4440229C-0960-4FCC-81B9-2F1E70D76204}.Debug|x64.Build.0 = Debug|x64
		{4440229C-0960-4FCC-81B9-2F1E70D76204}.Debug|x86.ActiveCfg = Debug|Win32
		{4440229C-0960-4FCC-81B9-2F1E70D76204}.Debug|x86.Build.0 = Debug|Win32
		{4440229C-0960-4FCC-81B9-2F1E70D76204}.Release|x64.ActiveCfg = Release|x64
		{4440229C-0960-4FCC-81B9-2F1E70D76204}.Release|x64.Build.0 = Release|x64
		{4440229C-0960-4FCC-81B9-2F1E70D76204}.Release|x86.ActiveCfg = Release|Win32
		{4440229C-0960-4FCC-81B9-2F1E70D76204}.Release|x86.Build.0 = Release|Win32
	EndGlobalSection
	GlobalSection(SolutionProperties) = preSolution
		HideSolutionNode = FALSE
	EndGlobalSection
	GlobalSection(ExtensibilityGlobals) = postSolution
		SolutionGuid = {D3070DB8-AE70-4E25-9F8E-D7A2F994C9C3}
	EndGlobalSection
EndGlobal
